
Microsoft Visual Studio Solution File, Format Version 12.00
# Visual Studio 2013
VisualStudioVersion = 12.0.21005.1
MinimumVisualStudioVersion = 10.0.40219.1
Project("{FAE04EC0-301F-11D3-BF4B-00C04F79EFBC}") = "LyTechnology.Server", "LyTechnology.Thrift\LyTechnology.Server.csproj", "{AF6F9434-057B-4E39-A664-6109EA2353C6}"
EndProject
Project("{FAE04EC0-301F-11D3-BF4B-00C04F79EFBC}") = "LyTechnology.Client", "LyTechnology.Client\LyTechnology.Client.csproj", "{C7BEEBDB-00ED-44C1-B9C6-CAC776FB0E15}"
EndProject
Project("{FAE04EC0-301F-11D3-BF4B-00C04F79EFBC}") = "Common", "Common\Common.csproj", "{80179D40-A2ED-4AD8-91B6-886EA05A6B7E}"
EndProject
Global
	GlobalSection(SolutionConfigurationPlatforms) = preSolution
		Debug|Any CPU = Debug|Any CPU
		Release|Any CPU = Release|Any CPU
	EndGlobalSection
	GlobalSection(ProjectConfigurationPlatforms) = postSolution
		{AF6F9434-057B-4E39-A664-6109EA2353C6}.Debug|Any CPU.ActiveCfg = Debug|Any CPU
		{AF6F9434-057B-4E39-A664-6109EA2353C6}.Debug|Any CPU.Build.0 = Debug|Any CPU
		{AF6F9434-057B-4E39-A664-6109EA2353C6}.Release|Any CPU.ActiveCfg = Release|Any CPU
		{AF6F9434-057B-4E39-A664-6109EA2353C6}.Release|Any CPU.Build.0 = Release|Any CPU
		{C7BEEBDB-00ED-44C1-B9C6-CAC776FB0E15}.Debug|Any CPU.ActiveCfg = Debug|Any CPU
		{C7BEEBDB-00ED-44C1-B9C6-CAC776FB0E15}.Debug|Any CPU.Build.0 = Debug|Any CPU
		{C7BEEBDB-00ED-44C1-B9C6-CAC776FB0E15}.Release|Any CPU.ActiveCfg = Release|Any CPU
		{C7BEEBDB-00ED-44C1-B9C6-CAC776FB0E15}.Release|Any CPU.Build.0 = Release|Any CPU
		{80179D40-A2ED-4AD8-91B6-886EA05A6B7E}.Debug|Any CPU.ActiveCfg = Debug|Any CPU
		{80179D40-A2ED-4AD8-91B6-886EA05A6B7E}.Debug|Any CPU.Build.0 = Debug|Any CPU
		{80179D40-A2ED-4AD8-91B6-886EA05A6B7E}.Release|Any CPU.ActiveCfg = Release|Any CPU
		{80179D40-A2ED-4AD8-91B6-886EA05A6B7E}.Release|Any CPU.Build.0 = Release|Any CPU
	EndGlobalSection
	GlobalSection(SolutionProperties) = preSolution
		HideSolutionNode = FALSE
	EndGlobalSection
EndGlobal
