
Microsoft Visual Studio Solution File, Format Version 12.00
# Visual Studio 14
VisualStudioVersion = 14.0.25420.1
MinimumVisualStudioVersion = 10.0.40219.1
Project("{2150E333-8FDC-42A3-9474-1A3956D46DE8}") = "WorkQueues", "WorkQueues", "{BE686188-A87B-4068-8197-16471F3B4570}"
EndProject
Project("{FAE04EC0-301F-11D3-BF4B-00C04F79EFBC}") = "NewTask", "NewTask\NewTask.csproj", "{18E46BC5-46CB-4BFA-8135-661432846D94}"
EndProject
Project("{FAE04EC0-301F-11D3-BF4B-00C04F79EFBC}") = "Work", "Work\Work.csproj", "{E159A62B-75EE-4647-8EC1-4912B170EC31}"
EndProject
Project("{2150E333-8FDC-42A3-9474-1A3956D46DE8}") = "PublishSubscribe", "PublishSubscribe", "{23E0959D-3EA0-40D6-85FD-63772C5BDB36}"
EndProject
Project("{FAE04EC0-301F-11D3-BF4B-00C04F79EFBC}") = "EmitLog", "EmitLog\EmitLog.csproj", "{22A4C253-1B24-4EB2-A7F1-A31CC90B69B9}"
EndProject
Project("{FAE04EC0-301F-11D3-BF4B-00C04F79EFBC}") = "ReceiveLogs", "ReceiveLogs\ReceiveLogs.csproj", "{0ED5971B-4B21-4C14-BDEE-7E10250341AA}"
EndProject
Project("{FAE04EC0-301F-11D3-BF4B-00C04F79EFBC}") = "ReceiveLogs2", "ReceiveLogs2\ReceiveLogs2.csproj", "{B77301F9-0543-4C85-BDFB-B583ECFC36D0}"
EndProject
Project("{2150E333-8FDC-42A3-9474-1A3956D46DE8}") = "Routing", "Routing", "{66AD1595-BAA3-4365-BCC5-4EB257E6911A}"
EndProject
Project("{FAE04EC0-301F-11D3-BF4B-00C04F79EFBC}") = "EmitLogDirect", "EmitLogDirect\EmitLogDirect.csproj", "{529C9DB0-F7CA-4BA4-B1B8-6391AB184E31}"
EndProject
Project("{FAE04EC0-301F-11D3-BF4B-00C04F79EFBC}") = "ReceiveLogsDirect", "ReceiveLogsDirect\ReceiveLogsDirect.csproj", "{46DF39A9-95C1-49D4-BA28-5F9D3BD5B553}"
EndProject
Project("{2150E333-8FDC-42A3-9474-1A3956D46DE8}") = "普通", "普通", "{E261CBFE-022A-4666-BE80-9C9047BEB340}"
EndProject
Project("{FAE04EC0-301F-11D3-BF4B-00C04F79EFBC}") = "Productor", "Productor\Productor.csproj", "{26979D07-AFB2-45F3-BAEF-A84263A38C42}"
EndProject
Project("{FAE04EC0-301F-11D3-BF4B-00C04F79EFBC}") = "Customer", "Customer\Customer.csproj", "{612AA541-A5EE-4104-A05B-B028D27C4E0D}"
EndProject
Project("{2150E333-8FDC-42A3-9474-1A3956D46DE8}") = "带路由", "带路由", "{CF195925-5592-42F5-AA02-6CD9C736D5A1}"
EndProject
Project("{FAE04EC0-301F-11D3-BF4B-00C04F79EFBC}") = "Sender", "Sender\Sender.csproj", "{52A4E5C5-2D65-412D-AFF7-AE50B8423565}"
EndProject
Project("{FAE04EC0-301F-11D3-BF4B-00C04F79EFBC}") = "Receiver", "Receiver\Receiver.csproj", "{29DD1722-0A00-4C64-B96B-39EAEC67911E}"
EndProject
Project("{2150E333-8FDC-42A3-9474-1A3956D46DE8}") = "RPC", "RPC", "{356544E1-CBDA-4A07-B78E-47F8BBABB812}"
EndProject
Project("{FAE04EC0-301F-11D3-BF4B-00C04F79EFBC}") = "RPCServer", "RPCServer\RPCServer.csproj", "{84369EBB-6E26-4A34-93D1-64C6685F2370}"
EndProject
Project("{FAE04EC0-301F-11D3-BF4B-00C04F79EFBC}") = "RPCClient", "RPCClient\RPCClient.csproj", "{722C8345-04C8-48D4-913B-82B9693BF0F2}"
EndProject
Global
	GlobalSection(SolutionConfigurationPlatforms) = preSolution
		Debug|Any CPU = Debug|Any CPU
		Release|Any CPU = Release|Any CPU
	EndGlobalSection
	GlobalSection(ProjectConfigurationPlatforms) = postSolution
		{18E46BC5-46CB-4BFA-8135-661432846D94}.Debug|Any CPU.ActiveCfg = Debug|Any CPU
		{18E46BC5-46CB-4BFA-8135-661432846D94}.Debug|Any CPU.Build.0 = Debug|Any CPU
		{18E46BC5-46CB-4BFA-8135-661432846D94}.Release|Any CPU.ActiveCfg = Release|Any CPU
		{18E46BC5-46CB-4BFA-8135-661432846D94}.Release|Any CPU.Build.0 = Release|Any CPU
		{E159A62B-75EE-4647-8EC1-4912B170EC31}.Debug|Any CPU.ActiveCfg = Debug|Any CPU
		{E159A62B-75EE-4647-8EC1-4912B170EC31}.Debug|Any CPU.Build.0 = Debug|Any CPU
		{E159A62B-75EE-4647-8EC1-4912B170EC31}.Release|Any CPU.ActiveCfg = Release|Any CPU
		{E159A62B-75EE-4647-8EC1-4912B170EC31}.Release|Any CPU.Build.0 = Release|Any CPU
		{22A4C253-1B24-4EB2-A7F1-A31CC90B69B9}.Debug|Any CPU.ActiveCfg = Debug|Any CPU
		{22A4C253-1B24-4EB2-A7F1-A31CC90B69B9}.Debug|Any CPU.Build.0 = Debug|Any CPU
		{22A4C253-1B24-4EB2-A7F1-A31CC90B69B9}.Release|Any CPU.ActiveCfg = Release|Any CPU
		{22A4C253-1B24-4EB2-A7F1-A31CC90B69B9}.Release|Any CPU.Build.0 = Release|Any CPU
		{0ED5971B-4B21-4C14-BDEE-7E10250341AA}.Debug|Any CPU.ActiveCfg = Debug|Any CPU
		{0ED5971B-4B21-4C14-BDEE-7E10250341AA}.Debug|Any CPU.Build.0 = Debug|Any CPU
		{0ED5971B-4B21-4C14-BDEE-7E10250341AA}.Release|Any CPU.ActiveCfg = Release|Any CPU
		{0ED5971B-4B21-4C14-BDEE-7E10250341AA}.Release|Any CPU.Build.0 = Release|Any CPU
		{B77301F9-0543-4C85-BDFB-B583ECFC36D0}.Debug|Any CPU.ActiveCfg = Debug|Any CPU
		{B77301F9-0543-4C85-BDFB-B583ECFC36D0}.Debug|Any CPU.Build.0 = Debug|Any CPU
		{B77301F9-0543-4C85-BDFB-B583ECFC36D0}.Release|Any CPU.ActiveCfg = Release|Any CPU
		{B77301F9-0543-4C85-BDFB-B583ECFC36D0}.Release|Any CPU.Build.0 = Release|Any CPU
		{529C9DB0-F7CA-4BA4-B1B8-6391AB184E31}.Debug|Any CPU.ActiveCfg = Debug|Any CPU
		{529C9DB0-F7CA-4BA4-B1B8-6391AB184E31}.Debug|Any CPU.Build.0 = Debug|Any CPU
		{529C9DB0-F7CA-4BA4-B1B8-6391AB184E31}.Release|Any CPU.ActiveCfg = Release|Any CPU
		{529C9DB0-F7CA-4BA4-B1B8-6391AB184E31}.Release|Any CPU.Build.0 = Release|Any CPU
		{46DF39A9-95C1-49D4-BA28-5F9D3BD5B553}.Debug|Any CPU.ActiveCfg = Debug|Any CPU
		{46DF39A9-95C1-49D4-BA28-5F9D3BD5B553}.Debug|Any CPU.Build.0 = Debug|Any CPU
		{46DF39A9-95C1-49D4-BA28-5F9D3BD5B553}.Release|Any CPU.ActiveCfg = Release|Any CPU
		{46DF39A9-95C1-49D4-BA28-5F9D3BD5B553}.Release|Any CPU.Build.0 = Release|Any CPU
		{26979D07-AFB2-45F3-BAEF-A84263A38C42}.Debug|Any CPU.ActiveCfg = Debug|Any CPU
		{26979D07-AFB2-45F3-BAEF-A84263A38C42}.Debug|Any CPU.Build.0 = Debug|Any CPU
		{26979D07-AFB2-45F3-BAEF-A84263A38C42}.Release|Any CPU.ActiveCfg = Release|Any CPU
		{26979D07-AFB2-45F3-BAEF-A84263A38C42}.Release|Any CPU.Build.0 = Release|Any CPU
		{612AA541-A5EE-4104-A05B-B028D27C4E0D}.Debug|Any CPU.ActiveCfg = Debug|Any CPU
		{612AA541-A5EE-4104-A05B-B028D27C4E0D}.Debug|Any CPU.Build.0 = Debug|Any CPU
		{612AA541-A5EE-4104-A05B-B028D27C4E0D}.Release|Any CPU.ActiveCfg = Release|Any CPU
		{612AA541-A5EE-4104-A05B-B028D27C4E0D}.Release|Any CPU.Build.0 = Release|Any CPU
		{52A4E5C5-2D65-412D-AFF7-AE50B8423565}.Debug|Any CPU.ActiveCfg = Debug|Any CPU
		{52A4E5C5-2D65-412D-AFF7-AE50B8423565}.Debug|Any CPU.Build.0 = Debug|Any CPU
		{52A4E5C5-2D65-412D-AFF7-AE50B8423565}.Release|Any CPU.ActiveCfg = Release|Any CPU
		{52A4E5C5-2D65-412D-AFF7-AE50B8423565}.Release|Any CPU.Build.0 = Release|Any CPU
		{29DD1722-0A00-4C64-B96B-39EAEC67911E}.Debug|Any CPU.ActiveCfg = Debug|Any CPU
		{29DD1722-0A00-4C64-B96B-39EAEC67911E}.Debug|Any CPU.Build.0 = Debug|Any CPU
		{29DD1722-0A00-4C64-B96B-39EAEC67911E}.Release|Any CPU.ActiveCfg = Release|Any CPU
		{29DD1722-0A00-4C64-B96B-39EAEC67911E}.Release|Any CPU.Build.0 = Release|Any CPU
		{84369EBB-6E26-4A34-93D1-64C6685F2370}.Debug|Any CPU.ActiveCfg = Debug|Any CPU
		{84369EBB-6E26-4A34-93D1-64C6685F2370}.Debug|Any CPU.Build.0 = Debug|Any CPU
		{84369EBB-6E26-4A34-93D1-64C6685F2370}.Release|Any CPU.ActiveCfg = Release|Any CPU
		{84369EBB-6E26-4A34-93D1-64C6685F2370}.Release|Any CPU.Build.0 = Release|Any CPU
		{722C8345-04C8-48D4-913B-82B9693BF0F2}.Debug|Any CPU.ActiveCfg = Debug|Any CPU
		{722C8345-04C8-48D4-913B-82B9693BF0F2}.Debug|Any CPU.Build.0 = Debug|Any CPU
		{722C8345-04C8-48D4-913B-82B9693BF0F2}.Release|Any CPU.ActiveCfg = Release|Any CPU
		{722C8345-04C8-48D4-913B-82B9693BF0F2}.Release|Any CPU.Build.0 = Release|Any CPU
	EndGlobalSection
	GlobalSection(SolutionProperties) = preSolution
		HideSolutionNode = FALSE
	EndGlobalSection
	GlobalSection(NestedProjects) = preSolution
		{18E46BC5-46CB-4BFA-8135-661432846D94} = {BE686188-A87B-4068-8197-16471F3B4570}
		{E159A62B-75EE-4647-8EC1-4912B170EC31} = {BE686188-A87B-4068-8197-16471F3B4570}
		{22A4C253-1B24-4EB2-A7F1-A31CC90B69B9} = {23E0959D-3EA0-40D6-85FD-63772C5BDB36}
		{0ED5971B-4B21-4C14-BDEE-7E10250341AA} = {23E0959D-3EA0-40D6-85FD-63772C5BDB36}
		{B77301F9-0543-4C85-BDFB-B583ECFC36D0} = {23E0959D-3EA0-40D6-85FD-63772C5BDB36}
		{529C9DB0-F7CA-4BA4-B1B8-6391AB184E31} = {66AD1595-BAA3-4365-BCC5-4EB257E6911A}
		{46DF39A9-95C1-49D4-BA28-5F9D3BD5B553} = {66AD1595-BAA3-4365-BCC5-4EB257E6911A}
		{26979D07-AFB2-45F3-BAEF-A84263A38C42} = {E261CBFE-022A-4666-BE80-9C9047BEB340}
		{612AA541-A5EE-4104-A05B-B028D27C4E0D} = {E261CBFE-022A-4666-BE80-9C9047BEB340}
		{52A4E5C5-2D65-412D-AFF7-AE50B8423565} = {CF195925-5592-42F5-AA02-6CD9C736D5A1}
		{29DD1722-0A00-4C64-B96B-39EAEC67911E} = {CF195925-5592-42F5-AA02-6CD9C736D5A1}
		{84369EBB-6E26-4A34-93D1-64C6685F2370} = {356544E1-CBDA-4A07-B78E-47F8BBABB812}
		{722C8345-04C8-48D4-913B-82B9693BF0F2} = {356544E1-CBDA-4A07-B78E-47F8BBABB812}
	EndGlobalSection
EndGlobal
